
Microsoft Visual Studio Solution File, Format Version 12.00
# Visual Studio Version 17
VisualStudioVersion = 17.2.32630.192
MinimumVisualStudioVersion = 10.0.40219.1
Project("{9A19103F-16F7-4668-BE54-9A1E7A4F7556}") = "R5T.Z0047", "R5T.Z0047\R5T.Z0047.csproj", "{FAFBB2FB-9981-4003-8284-EE24F2718AB2}"
EndProject
Global
	GlobalSection(SolutionConfigurationPlatforms) = preSolution
		Debug|Any CPU = Debug|Any CPU
		Release|Any CPU = Release|Any CPU
	EndGlobalSection
	GlobalSection(ProjectConfigurationPlatforms) = postSolution
		{FAFBB2FB-9981-4003-8284-EE24F2718AB2}.Debug|Any CPU.ActiveCfg = Debug|Any CPU
		{FAFBB2FB-9981-4003-8284-EE24F2718AB2}.Debug|Any CPU.Build.0 = Debug|Any CPU
		{FAFBB2FB-9981-4003-8284-EE24F2718AB2}.Release|Any CPU.ActiveCfg = Release|Any CPU
		{FAFBB2FB-9981-4003-8284-EE24F2718AB2}.Release|Any CPU.Build.0 = Release|Any CPU
	EndGlobalSection
	GlobalSection(SolutionProperties) = preSolution
		HideSolutionNode = FALSE
	EndGlobalSection
	GlobalSection(ExtensibilityGlobals) = postSolution
		SolutionGuid = {C67CFD8B-E420-455B-8A99-CD08CB958EB3}
	EndGlobalSection
EndGlobal
