
Microsoft Visual Studio Solution File, Format Version 12.00
# Visual Studio Version 17
VisualStudioVersion = 17.2.32630.192
MinimumVisualStudioVersion = 10.0.40219.1
Project("{9A19103F-16F7-4668-BE54-9A1E7A4F7556}") = "R5T.Z0047", "R5T.Z0047\R5T.Z0047.csproj", "{FAFBB2FB-9981-4003-8284-EE24F2718AB2}"
EndProject
Project("{2150E333-8FDC-42A3-9474-1A3956D46DE8}") = "_Dependencies", "_Dependencies", "{7329FD9A-5144-4156-BD77-491035D21F5D}"
EndProject
Project("{9A19103F-16F7-4668-BE54-9A1E7A4F7556}") = "R5T.T0132", "..\..\R5T.T0132\source\R5T.T0132\R5T.T0132.csproj", "{5C95EEDB-CC84-4AEC-9438-1472E9B748D5}"
EndProject
Project("{9A19103F-16F7-4668-BE54-9A1E7A4F7556}") = "R5T.T0143", "..\..\R5T.T0143\source\R5T.T0143\R5T.T0143.csproj", "{3E16620B-052E-4C8B-A467-0C3699F0C308}"
EndProject
Project("{9A19103F-16F7-4668-BE54-9A1E7A4F7556}") = "R5T.T0178", "..\..\R5T.T0178\source\R5T.T0178\R5T.T0178.csproj", "{71E614EF-6407-4B32-8E0E-92C8D3EA7464}"
EndProject
Project("{9A19103F-16F7-4668-BE54-9A1E7A4F7556}") = "R5T.T0179", "..\..\R5T.T0179\source\R5T.T0179\R5T.T0179.csproj", "{59455C2A-4819-41A5-945D-50FAD93BB4E3}"
EndProject
Project("{9A19103F-16F7-4668-BE54-9A1E7A4F7556}") = "R5T.T0185", "..\..\R5T.T0185\source\R5T.T0185\R5T.T0185.csproj", "{269A97AD-EFFA-4A3F-B560-7E77C2D5A8C7}"
EndProject
Project("{9A19103F-16F7-4668-BE54-9A1E7A4F7556}") = "R5T.T0131", "..\..\R5T.T0131\source\R5T.T0131\R5T.T0131.csproj", "{3CE9A607-8291-47BE-91E3-F06D667DF3E3}"
EndProject
Global
	GlobalSection(NestedProjects) = preSolution
		{5C95EEDB-CC84-4AEC-9438-1472E9B748D5} = {7329FD9A-5144-4156-BD77-491035D21F5D}
		{3E16620B-052E-4C8B-A467-0C3699F0C308} = {7329FD9A-5144-4156-BD77-491035D21F5D}
		{71E614EF-6407-4B32-8E0E-92C8D3EA7464} = {7329FD9A-5144-4156-BD77-491035D21F5D}
		{59455C2A-4819-41A5-945D-50FAD93BB4E3} = {7329FD9A-5144-4156-BD77-491035D21F5D}
		{269A97AD-EFFA-4A3F-B560-7E77C2D5A8C7} = {7329FD9A-5144-4156-BD77-491035D21F5D}
		{3CE9A607-8291-47BE-91E3-F06D667DF3E3} = {7329FD9A-5144-4156-BD77-491035D21F5D}
	EndGlobalSection
	GlobalSection(SolutionConfigurationPlatforms) = preSolution
		Debug|Any CPU = Debug|Any CPU
		Release|Any CPU = Release|Any CPU
	EndGlobalSection
	GlobalSection(ProjectConfigurationPlatforms) = postSolution
		{FAFBB2FB-9981-4003-8284-EE24F2718AB2}.Debug|Any CPU.ActiveCfg = Debug|Any CPU
		{FAFBB2FB-9981-4003-8284-EE24F2718AB2}.Debug|Any CPU.Build.0 = Debug|Any CPU
		{FAFBB2FB-9981-4003-8284-EE24F2718AB2}.Release|Any CPU.ActiveCfg = Release|Any CPU
		{FAFBB2FB-9981-4003-8284-EE24F2718AB2}.Release|Any CPU.Build.0 = Release|Any CPU
		{5C95EEDB-CC84-4AEC-9438-1472E9B748D5}.Debug|Any CPU.ActiveCfg = Debug|Any CPU
		{5C95EEDB-CC84-4AEC-9438-1472E9B748D5}.Debug|Any CPU.Build.0 = Debug|Any CPU
		{5C95EEDB-CC84-4AEC-9438-1472E9B748D5}.Release|Any CPU.ActiveCfg = Release|Any CPU
		{5C95EEDB-CC84-4AEC-9438-1472E9B748D5}.Release|Any CPU.Build.0 = Release|Any CPU
		{3E16620B-052E-4C8B-A467-0C3699F0C308}.Debug|Any CPU.ActiveCfg = Debug|Any CPU
		{3E16620B-052E-4C8B-A467-0C3699F0C308}.Debug|Any CPU.Build.0 = Debug|Any CPU
		{3E16620B-052E-4C8B-A467-0C3699F0C308}.Release|Any CPU.ActiveCfg = Release|Any CPU
		{3E16620B-052E-4C8B-A467-0C3699F0C308}.Release|Any CPU.Build.0 = Release|Any CPU
		{71E614EF-6407-4B32-8E0E-92C8D3EA7464}.Debug|Any CPU.ActiveCfg = Debug|Any CPU
		{71E614EF-6407-4B32-8E0E-92C8D3EA7464}.Debug|Any CPU.Build.0 = Debug|Any CPU
		{71E614EF-6407-4B32-8E0E-92C8D3EA7464}.Release|Any CPU.ActiveCfg = Release|Any CPU
		{71E614EF-6407-4B32-8E0E-92C8D3EA7464}.Release|Any CPU.Build.0 = Release|Any CPU
		{59455C2A-4819-41A5-945D-50FAD93BB4E3}.Debug|Any CPU.ActiveCfg = Debug|Any CPU
		{59455C2A-4819-41A5-945D-50FAD93BB4E3}.Debug|Any CPU.Build.0 = Debug|Any CPU
		{59455C2A-4819-41A5-945D-50FAD93BB4E3}.Release|Any CPU.ActiveCfg = Release|Any CPU
		{59455C2A-4819-41A5-945D-50FAD93BB4E3}.Release|Any CPU.Build.0 = Release|Any CPU
		{269A97AD-EFFA-4A3F-B560-7E77C2D5A8C7}.Debug|Any CPU.ActiveCfg = Debug|Any CPU
		{269A97AD-EFFA-4A3F-B560-7E77C2D5A8C7}.Debug|Any CPU.Build.0 = Debug|Any CPU
		{269A97AD-EFFA-4A3F-B560-7E77C2D5A8C7}.Release|Any CPU.ActiveCfg = Release|Any CPU
		{269A97AD-EFFA-4A3F-B560-7E77C2D5A8C7}.Release|Any CPU.Build.0 = Release|Any CPU
		{3CE9A607-8291-47BE-91E3-F06D667DF3E3}.Debug|Any CPU.ActiveCfg = Debug|Any CPU
		{3CE9A607-8291-47BE-91E3-F06D667DF3E3}.Debug|Any CPU.Build.0 = Debug|Any CPU
		{3CE9A607-8291-47BE-91E3-F06D667DF3E3}.Release|Any CPU.ActiveCfg = Release|Any CPU
		{3CE9A607-8291-47BE-91E3-F06D667DF3E3}.Release|Any CPU.Build.0 = Release|Any CPU
	EndGlobalSection
	GlobalSection(SolutionProperties) = preSolution
		HideSolutionNode = FALSE
	EndGlobalSection
	GlobalSection(ExtensibilityGlobals) = postSolution
		SolutionGuid = {C67CFD8B-E420-455B-8A99-CD08CB958EB3}
	EndGlobalSection
EndGlobal
