
Microsoft Visual Studio Solution File, Format Version 12.00
# Visual Studio Version 17
VisualStudioVersion = 17.2.32630.192
MinimumVisualStudioVersion = 10.0.40219.1
Project("{9A19103F-16F7-4668-BE54-9A1E7A4F7556}") = "R5T.Z0047.Construction", "R5T.Z0047.Construction\R5T.Z0047.Construction.csproj", "{265A5BFB-9694-4558-A8D6-5AF990C63301}"
EndProject
Project("{9A19103F-16F7-4668-BE54-9A1E7A4F7556}") = "R5T.Z0047", "R5T.Z0047\R5T.Z0047.csproj", "{C80C8515-530E-47D2-9599-2E76987A4645}"
EndProject
Project("{2150E333-8FDC-42A3-9474-1A3956D46DE8}") = "_Dependencies", "_Dependencies", "{1B149DF2-9B49-41C5-B118-831D747E5782}"
EndProject
Project("{9A19103F-16F7-4668-BE54-9A1E7A4F7556}") = "R5T.T0132", "..\..\R5T.T0132\source\R5T.T0132\R5T.T0132.csproj", "{31A336D5-F0B7-4A27-8FAF-0D3D789C535F}"
EndProject
Project("{9A19103F-16F7-4668-BE54-9A1E7A4F7556}") = "R5T.T0143", "..\..\R5T.T0143\source\R5T.T0143\R5T.T0143.csproj", "{9AE92C24-B702-4E0C-8196-1BAA754EEAF5}"
EndProject
Project("{9A19103F-16F7-4668-BE54-9A1E7A4F7556}") = "R5T.T0178", "..\..\R5T.T0178\source\R5T.T0178\R5T.T0178.csproj", "{DDEFC4B7-0A14-4AF8-9BE2-758B06DA2D3C}"
EndProject
Project("{9A19103F-16F7-4668-BE54-9A1E7A4F7556}") = "R5T.T0179", "..\..\R5T.T0179\source\R5T.T0179\R5T.T0179.csproj", "{7A08B9CB-40CA-4D82-9BCE-FA6268CA4B5F}"
EndProject
Project("{9A19103F-16F7-4668-BE54-9A1E7A4F7556}") = "R5T.T0185", "..\..\R5T.T0185\source\R5T.T0185\R5T.T0185.csproj", "{BA2C53F6-F58C-4935-9AFA-89297C8B617E}"
EndProject
Project("{9A19103F-16F7-4668-BE54-9A1E7A4F7556}") = "R5T.T0131", "..\..\R5T.T0131\source\R5T.T0131\R5T.T0131.csproj", "{3086434E-E186-4C51-AC76-BAE7A88BC704}"
EndProject
Global
	GlobalSection(NestedProjects) = preSolution
		{31A336D5-F0B7-4A27-8FAF-0D3D789C535F} = {1B149DF2-9B49-41C5-B118-831D747E5782}
		{9AE92C24-B702-4E0C-8196-1BAA754EEAF5} = {1B149DF2-9B49-41C5-B118-831D747E5782}
		{DDEFC4B7-0A14-4AF8-9BE2-758B06DA2D3C} = {1B149DF2-9B49-41C5-B118-831D747E5782}
		{7A08B9CB-40CA-4D82-9BCE-FA6268CA4B5F} = {1B149DF2-9B49-41C5-B118-831D747E5782}
		{BA2C53F6-F58C-4935-9AFA-89297C8B617E} = {1B149DF2-9B49-41C5-B118-831D747E5782}
		{3086434E-E186-4C51-AC76-BAE7A88BC704} = {1B149DF2-9B49-41C5-B118-831D747E5782}
	EndGlobalSection
	GlobalSection(SolutionConfigurationPlatforms) = preSolution
		Debug|Any CPU = Debug|Any CPU
		Release|Any CPU = Release|Any CPU
	EndGlobalSection
	GlobalSection(ProjectConfigurationPlatforms) = postSolution
		{265A5BFB-9694-4558-A8D6-5AF990C63301}.Debug|Any CPU.ActiveCfg = Debug|Any CPU
		{265A5BFB-9694-4558-A8D6-5AF990C63301}.Debug|Any CPU.Build.0 = Debug|Any CPU
		{265A5BFB-9694-4558-A8D6-5AF990C63301}.Release|Any CPU.ActiveCfg = Release|Any CPU
		{265A5BFB-9694-4558-A8D6-5AF990C63301}.Release|Any CPU.Build.0 = Release|Any CPU
		{C80C8515-530E-47D2-9599-2E76987A4645}.Debug|Any CPU.ActiveCfg = Debug|Any CPU
		{C80C8515-530E-47D2-9599-2E76987A4645}.Debug|Any CPU.Build.0 = Debug|Any CPU
		{C80C8515-530E-47D2-9599-2E76987A4645}.Release|Any CPU.ActiveCfg = Release|Any CPU
		{C80C8515-530E-47D2-9599-2E76987A4645}.Release|Any CPU.Build.0 = Release|Any CPU
		{31A336D5-F0B7-4A27-8FAF-0D3D789C535F}.Debug|Any CPU.ActiveCfg = Debug|Any CPU
		{31A336D5-F0B7-4A27-8FAF-0D3D789C535F}.Debug|Any CPU.Build.0 = Debug|Any CPU
		{31A336D5-F0B7-4A27-8FAF-0D3D789C535F}.Release|Any CPU.ActiveCfg = Release|Any CPU
		{31A336D5-F0B7-4A27-8FAF-0D3D789C535F}.Release|Any CPU.Build.0 = Release|Any CPU
		{9AE92C24-B702-4E0C-8196-1BAA754EEAF5}.Debug|Any CPU.ActiveCfg = Debug|Any CPU
		{9AE92C24-B702-4E0C-8196-1BAA754EEAF5}.Debug|Any CPU.Build.0 = Debug|Any CPU
		{9AE92C24-B702-4E0C-8196-1BAA754EEAF5}.Release|Any CPU.ActiveCfg = Release|Any CPU
		{9AE92C24-B702-4E0C-8196-1BAA754EEAF5}.Release|Any CPU.Build.0 = Release|Any CPU
		{DDEFC4B7-0A14-4AF8-9BE2-758B06DA2D3C}.Debug|Any CPU.ActiveCfg = Debug|Any CPU
		{DDEFC4B7-0A14-4AF8-9BE2-758B06DA2D3C}.Debug|Any CPU.Build.0 = Debug|Any CPU
		{DDEFC4B7-0A14-4AF8-9BE2-758B06DA2D3C}.Release|Any CPU.ActiveCfg = Release|Any CPU
		{DDEFC4B7-0A14-4AF8-9BE2-758B06DA2D3C}.Release|Any CPU.Build.0 = Release|Any CPU
		{7A08B9CB-40CA-4D82-9BCE-FA6268CA4B5F}.Debug|Any CPU.ActiveCfg = Debug|Any CPU
		{7A08B9CB-40CA-4D82-9BCE-FA6268CA4B5F}.Debug|Any CPU.Build.0 = Debug|Any CPU
		{7A08B9CB-40CA-4D82-9BCE-FA6268CA4B5F}.Release|Any CPU.ActiveCfg = Release|Any CPU
		{7A08B9CB-40CA-4D82-9BCE-FA6268CA4B5F}.Release|Any CPU.Build.0 = Release|Any CPU
		{BA2C53F6-F58C-4935-9AFA-89297C8B617E}.Debug|Any CPU.ActiveCfg = Debug|Any CPU
		{BA2C53F6-F58C-4935-9AFA-89297C8B617E}.Debug|Any CPU.Build.0 = Debug|Any CPU
		{BA2C53F6-F58C-4935-9AFA-89297C8B617E}.Release|Any CPU.ActiveCfg = Release|Any CPU
		{BA2C53F6-F58C-4935-9AFA-89297C8B617E}.Release|Any CPU.Build.0 = Release|Any CPU
		{3086434E-E186-4C51-AC76-BAE7A88BC704}.Debug|Any CPU.ActiveCfg = Debug|Any CPU
		{3086434E-E186-4C51-AC76-BAE7A88BC704}.Debug|Any CPU.Build.0 = Debug|Any CPU
		{3086434E-E186-4C51-AC76-BAE7A88BC704}.Release|Any CPU.ActiveCfg = Release|Any CPU
		{3086434E-E186-4C51-AC76-BAE7A88BC704}.Release|Any CPU.Build.0 = Release|Any CPU
	EndGlobalSection
	GlobalSection(SolutionProperties) = preSolution
		HideSolutionNode = FALSE
	EndGlobalSection
	GlobalSection(ExtensibilityGlobals) = postSolution
		SolutionGuid = {291DF5C5-B471-4BBB-B1D8-1EDECA7AD311}
	EndGlobalSection
EndGlobal
